
Microsoft Visual Studio Solution File, Format Version 12.00
# Visual Studio Version 17
VisualStudioVersion = 17.14.36518.9 d17.14
MinimumVisualStudioVersion = 10.0.40219.1
Project("{FAE04EC0-301F-11D3-BF4B-00C04F79EFBC}") = "P9_714240036", "P9_714240036.csproj", "{FC05A700-0768-47FD-A64A-E72F257C0829}"
EndProject
Global
	GlobalSection(SolutionConfigurationPlatforms) = preSolution
		Debug|Any CPU = Debug|Any CPU
		Release|Any CPU = Release|Any CPU
	EndGlobalSection
	GlobalSection(ProjectConfigurationPlatforms) = postSolution
		{FC05A700-0768-47FD-A64A-E72F257C0829}.Debug|Any CPU.ActiveCfg = Debug|Any CPU
		{FC05A700-0768-47FD-A64A-E72F257C0829}.Debug|Any CPU.Build.0 = Debug|Any CPU
		{FC05A700-0768-47FD-A64A-E72F257C0829}.Release|Any CPU.ActiveCfg = Release|Any CPU
		{FC05A700-0768-47FD-A64A-E72F257C0829}.Release|Any CPU.Build.0 = Release|Any CPU
	EndGlobalSection
	GlobalSection(SolutionProperties) = preSolution
		HideSolutionNode = FALSE
	EndGlobalSection
	GlobalSection(ExtensibilityGlobals) = postSolution
		SolutionGuid = {9464785D-A6B6-487B-9EE1-1BA1FD68876E}
	EndGlobalSection
EndGlobal
