
Microsoft Visual Studio Solution File, Format Version 12.00
# Visual Studio Version 17
VisualStudioVersion = 17.14.36518.9 d17.14
MinimumVisualStudioVersion = 10.0.40219.1
Project("{FAE04EC0-301F-11D3-BF4B-00C04F79EFBC}") = "P3_2_714240036", "P3_2_714240036.csproj", "{70755241-3BAB-4B10-8BEA-5312A9530114}"
EndProject
Global
	GlobalSection(SolutionConfigurationPlatforms) = preSolution
		Debug|Any CPU = Debug|Any CPU
		Release|Any CPU = Release|Any CPU
	EndGlobalSection
	GlobalSection(ProjectConfigurationPlatforms) = postSolution
		{70755241-3BAB-4B10-8BEA-5312A9530114}.Debug|Any CPU.ActiveCfg = Debug|Any CPU
		{70755241-3BAB-4B10-8BEA-5312A9530114}.Debug|Any CPU.Build.0 = Debug|Any CPU
		{70755241-3BAB-4B10-8BEA-5312A9530114}.Release|Any CPU.ActiveCfg = Release|Any CPU
		{70755241-3BAB-4B10-8BEA-5312A9530114}.Release|Any CPU.Build.0 = Release|Any CPU
	EndGlobalSection
	GlobalSection(SolutionProperties) = preSolution
		HideSolutionNode = FALSE
	EndGlobalSection
	GlobalSection(ExtensibilityGlobals) = postSolution
		SolutionGuid = {3E187412-6B5C-4AED-8B80-127B27E71E10}
	EndGlobalSection
EndGlobal
