
Microsoft Visual Studio Solution File, Format Version 12.00
# Visual Studio Version 17
VisualStudioVersion = 17.14.36518.9 d17.14
MinimumVisualStudioVersion = 10.0.40219.1
Project("{FAE04EC0-301F-11D3-BF4B-00C04F79EFBC}") = "P6_3_714240036", "P6_3_714240036.csproj", "{01503AE2-F318-420D-9538-7D90F3CD619F}"
EndProject
Global
	GlobalSection(SolutionConfigurationPlatforms) = preSolution
		Debug|Any CPU = Debug|Any CPU
		Release|Any CPU = Release|Any CPU
	EndGlobalSection
	GlobalSection(ProjectConfigurationPlatforms) = postSolution
		{01503AE2-F318-420D-9538-7D90F3CD619F}.Debug|Any CPU.ActiveCfg = Debug|Any CPU
		{01503AE2-F318-420D-9538-7D90F3CD619F}.Debug|Any CPU.Build.0 = Debug|Any CPU
		{01503AE2-F318-420D-9538-7D90F3CD619F}.Release|Any CPU.ActiveCfg = Release|Any CPU
		{01503AE2-F318-420D-9538-7D90F3CD619F}.Release|Any CPU.Build.0 = Release|Any CPU
	EndGlobalSection
	GlobalSection(SolutionProperties) = preSolution
		HideSolutionNode = FALSE
	EndGlobalSection
	GlobalSection(ExtensibilityGlobals) = postSolution
		SolutionGuid = {24E27DD1-D5B8-4811-A42C-AA19A157ADE6}
	EndGlobalSection
EndGlobal
