
Microsoft Visual Studio Solution File, Format Version 12.00
# Visual Studio Version 17
VisualStudioVersion = 17.14.36518.9 d17.14
MinimumVisualStudioVersion = 10.0.40219.1
Project("{FAE04EC0-301F-11D3-BF4B-00C04F79EFBC}") = "P6_1_714240036", "P6_1_714240036.csproj", "{DB60255F-9BD5-4446-9D78-14FF27BF4342}"
EndProject
Global
	GlobalSection(SolutionConfigurationPlatforms) = preSolution
		Debug|Any CPU = Debug|Any CPU
		Release|Any CPU = Release|Any CPU
	EndGlobalSection
	GlobalSection(ProjectConfigurationPlatforms) = postSolution
		{DB60255F-9BD5-4446-9D78-14FF27BF4342}.Debug|Any CPU.ActiveCfg = Debug|Any CPU
		{DB60255F-9BD5-4446-9D78-14FF27BF4342}.Debug|Any CPU.Build.0 = Debug|Any CPU
		{DB60255F-9BD5-4446-9D78-14FF27BF4342}.Release|Any CPU.ActiveCfg = Release|Any CPU
		{DB60255F-9BD5-4446-9D78-14FF27BF4342}.Release|Any CPU.Build.0 = Release|Any CPU
	EndGlobalSection
	GlobalSection(SolutionProperties) = preSolution
		HideSolutionNode = FALSE
	EndGlobalSection
	GlobalSection(ExtensibilityGlobals) = postSolution
		SolutionGuid = {F5B26009-B2CD-4991-8799-089FF5A3D7C7}
	EndGlobalSection
EndGlobal
